
Microsoft Visual Studio Solution File, Format Version 12.00
# Visual Studio 15
VisualStudioVersion = 15.0.27130.2010
MinimumVisualStudioVersion = 10.0.40219.1
Project("{FAE04EC0-301F-11D3-BF4B-00C04F79EFBC}") = "ClickNEarn", "ClickNEarn\ClickNEarn.csproj", "{5B1585E8-0DC8-46E6-AECE-DC35FAA22769}"
EndProject
Project("{2150E333-8FDC-42A3-9474-1A3956D46DE8}") = "1.Contracts", "1.Contracts", "{DDAAA840-0852-4367-8C12-2DAB3CB5F2A5}"
EndProject
Project("{2150E333-8FDC-42A3-9474-1A3956D46DE8}") = "2.Providers", "2.Providers", "{60736523-954D-4D50-90E4-3F5C3A26BB32}"
EndProject
Project("{FAE04EC0-301F-11D3-BF4B-00C04F79EFBC}") = "Models", "Models\Models.csproj", "{62D543F8-56EA-45C8-B4BD-CFB2579E0FFA}"
EndProject
Project("{FAE04EC0-301F-11D3-BF4B-00C04F79EFBC}") = "Interfaces", "Interfaces\Interfaces.csproj", "{4BD2F15D-51D8-43B6-867F-C6D02850FC93}"
EndProject
Project("{FAE04EC0-301F-11D3-BF4B-00C04F79EFBC}") = "UserProvider", "UserProvider\UserProvider.csproj", "{64F68C87-9AE0-4E1B-9AB9-4D50FB0E0C18}"
EndProject
Project("{2150E333-8FDC-42A3-9474-1A3956D46DE8}") = "3.Engines", "3.Engines", "{E181DE12-062F-47A8-ADEE-1F7FBBDD0B34}"
EndProject
Project("{2150E333-8FDC-42A3-9474-1A3956D46DE8}") = "4.ServiceImpl", "4.ServiceImpl", "{1BDA5A75-D227-46F2-A77E-40662DDF76FD}"
EndProject
Project("{2150E333-8FDC-42A3-9474-1A3956D46DE8}") = "5.Test", "5.Test", "{334075B7-1400-4D53-958C-41B15A1050B3}"
EndProject
Project("{FAE04EC0-301F-11D3-BF4B-00C04F79EFBC}") = "ClickNEarn.Fixtures", "ClickNEarn.Fixtures\ClickNEarn.Fixtures.csproj", "{54F00177-6913-4280-803D-A47FADD71E02}"
EndProject
Project("{FAE04EC0-301F-11D3-BF4B-00C04F79EFBC}") = "Helpers", "Helpers\Helpers.csproj", "{03B86CF1-9676-4A5B-9726-2310F60A692C}"
EndProject
Project("{FAE04EC0-301F-11D3-BF4B-00C04F79EFBC}") = "SupplierProvider", "SupplierProvider\SupplierProvider.csproj", "{5639D7C2-57CC-40C7-878A-C1DE25E0D56E}"
EndProject
Project("{FAE04EC0-301F-11D3-BF4B-00C04F79EFBC}") = "AdvertisementProvider", "AdvertisementProvider\AdvertisementProvider.csproj", "{D1AD79F6-D802-4C69-BD27-2B050FC3D344}"
EndProject
Project("{FAE04EC0-301F-11D3-BF4B-00C04F79EFBC}") = "Profiler", "Profiler\Profiler.csproj", "{542B5227-3FDB-4A4D-800C-AED54778BBE1}"
EndProject
Project("{FAE04EC0-301F-11D3-BF4B-00C04F79EFBC}") = "Constants", "Constants\Constants.csproj", "{15C7B7E2-3259-4762-AD4A-F131F26F9F86}"
EndProject
Project("{FAE04EC0-301F-11D3-BF4B-00C04F79EFBC}") = "Logging", "Logger\Logging.csproj", "{FF4F6790-E341-44BE-B4F3-64D5BEB56F5F}"
EndProject
Project("{FAE04EC0-301F-11D3-BF4B-00C04F79EFBC}") = "LoggingProvider", "LoggingProvider\LoggingProvider.csproj", "{5173919D-DDE3-4DD7-A9E2-E120E88760A8}"
EndProject
Global
	GlobalSection(SolutionConfigurationPlatforms) = preSolution
		Debug|Any CPU = Debug|Any CPU
		Debug|ARM = Debug|ARM
		Debug|x64 = Debug|x64
		Debug|x86 = Debug|x86
		Release|Any CPU = Release|Any CPU
		Release|ARM = Release|ARM
		Release|x64 = Release|x64
		Release|x86 = Release|x86
	EndGlobalSection
	GlobalSection(ProjectConfigurationPlatforms) = postSolution
		{5B1585E8-0DC8-46E6-AECE-DC35FAA22769}.Debug|Any CPU.ActiveCfg = Debug|Any CPU
		{5B1585E8-0DC8-46E6-AECE-DC35FAA22769}.Debug|Any CPU.Build.0 = Debug|Any CPU
		{5B1585E8-0DC8-46E6-AECE-DC35FAA22769}.Debug|ARM.ActiveCfg = Debug|Any CPU
		{5B1585E8-0DC8-46E6-AECE-DC35FAA22769}.Debug|ARM.Build.0 = Debug|Any CPU
		{5B1585E8-0DC8-46E6-AECE-DC35FAA22769}.Debug|x64.ActiveCfg = Debug|Any CPU
		{5B1585E8-0DC8-46E6-AECE-DC35FAA22769}.Debug|x64.Build.0 = Debug|Any CPU
		{5B1585E8-0DC8-46E6-AECE-DC35FAA22769}.Debug|x86.ActiveCfg = Debug|Any CPU
		{5B1585E8-0DC8-46E6-AECE-DC35FAA22769}.Debug|x86.Build.0 = Debug|Any CPU
		{5B1585E8-0DC8-46E6-AECE-DC35FAA22769}.Release|Any CPU.ActiveCfg = Release|Any CPU
		{5B1585E8-0DC8-46E6-AECE-DC35FAA22769}.Release|Any CPU.Build.0 = Release|Any CPU
		{5B1585E8-0DC8-46E6-AECE-DC35FAA22769}.Release|ARM.ActiveCfg = Release|Any CPU
		{5B1585E8-0DC8-46E6-AECE-DC35FAA22769}.Release|ARM.Build.0 = Release|Any CPU
		{5B1585E8-0DC8-46E6-AECE-DC35FAA22769}.Release|x64.ActiveCfg = Release|Any CPU
		{5B1585E8-0DC8-46E6-AECE-DC35FAA22769}.Release|x64.Build.0 = Release|Any CPU
		{5B1585E8-0DC8-46E6-AECE-DC35FAA22769}.Release|x86.ActiveCfg = Release|Any CPU
		{5B1585E8-0DC8-46E6-AECE-DC35FAA22769}.Release|x86.Build.0 = Release|Any CPU
		{62D543F8-56EA-45C8-B4BD-CFB2579E0FFA}.Debug|Any CPU.ActiveCfg = Debug|Any CPU
		{62D543F8-56EA-45C8-B4BD-CFB2579E0FFA}.Debug|Any CPU.Build.0 = Debug|Any CPU
		{62D543F8-56EA-45C8-B4BD-CFB2579E0FFA}.Debug|ARM.ActiveCfg = Debug|Any CPU
		{62D543F8-56EA-45C8-B4BD-CFB2579E0FFA}.Debug|ARM.Build.0 = Debug|Any CPU
		{62D543F8-56EA-45C8-B4BD-CFB2579E0FFA}.Debug|x64.ActiveCfg = Debug|Any CPU
		{62D543F8-56EA-45C8-B4BD-CFB2579E0FFA}.Debug|x64.Build.0 = Debug|Any CPU
		{62D543F8-56EA-45C8-B4BD-CFB2579E0FFA}.Debug|x86.ActiveCfg = Debug|Any CPU
		{62D543F8-56EA-45C8-B4BD-CFB2579E0FFA}.Debug|x86.Build.0 = Debug|Any CPU
		{62D543F8-56EA-45C8-B4BD-CFB2579E0FFA}.Release|Any CPU.ActiveCfg = Release|Any CPU
		{62D543F8-56EA-45C8-B4BD-CFB2579E0FFA}.Release|Any CPU.Build.0 = Release|Any CPU
		{62D543F8-56EA-45C8-B4BD-CFB2579E0FFA}.Release|ARM.ActiveCfg = Release|Any CPU
		{62D543F8-56EA-45C8-B4BD-CFB2579E0FFA}.Release|ARM.Build.0 = Release|Any CPU
		{62D543F8-56EA-45C8-B4BD-CFB2579E0FFA}.Release|x64.ActiveCfg = Release|Any CPU
		{62D543F8-56EA-45C8-B4BD-CFB2579E0FFA}.Release|x64.Build.0 = Release|Any CPU
		{62D543F8-56EA-45C8-B4BD-CFB2579E0FFA}.Release|x86.ActiveCfg = Release|Any CPU
		{62D543F8-56EA-45C8-B4BD-CFB2579E0FFA}.Release|x86.Build.0 = Release|Any CPU
		{4BD2F15D-51D8-43B6-867F-C6D02850FC93}.Debug|Any CPU.ActiveCfg = Debug|Any CPU
		{4BD2F15D-51D8-43B6-867F-C6D02850FC93}.Debug|Any CPU.Build.0 = Debug|Any CPU
		{4BD2F15D-51D8-43B6-867F-C6D02850FC93}.Debug|ARM.ActiveCfg = Debug|Any CPU
		{4BD2F15D-51D8-43B6-867F-C6D02850FC93}.Debug|ARM.Build.0 = Debug|Any CPU
		{4BD2F15D-51D8-43B6-867F-C6D02850FC93}.Debug|x64.ActiveCfg = Debug|Any CPU
		{4BD2F15D-51D8-43B6-867F-C6D02850FC93}.Debug|x64.Build.0 = Debug|Any CPU
		{4BD2F15D-51D8-43B6-867F-C6D02850FC93}.Debug|x86.ActiveCfg = Debug|Any CPU
		{4BD2F15D-51D8-43B6-867F-C6D02850FC93}.Debug|x86.Build.0 = Debug|Any CPU
		{4BD2F15D-51D8-43B6-867F-C6D02850FC93}.Release|Any CPU.ActiveCfg = Release|Any CPU
		{4BD2F15D-51D8-43B6-867F-C6D02850FC93}.Release|Any CPU.Build.0 = Release|Any CPU
		{4BD2F15D-51D8-43B6-867F-C6D02850FC93}.Release|ARM.ActiveCfg = Release|Any CPU
		{4BD2F15D-51D8-43B6-867F-C6D02850FC93}.Release|ARM.Build.0 = Release|Any CPU
		{4BD2F15D-51D8-43B6-867F-C6D02850FC93}.Release|x64.ActiveCfg = Release|Any CPU
		{4BD2F15D-51D8-43B6-867F-C6D02850FC93}.Release|x64.Build.0 = Release|Any CPU
		{4BD2F15D-51D8-43B6-867F-C6D02850FC93}.Release|x86.ActiveCfg = Release|Any CPU
		{4BD2F15D-51D8-43B6-867F-C6D02850FC93}.Release|x86.Build.0 = Release|Any CPU
		{64F68C87-9AE0-4E1B-9AB9-4D50FB0E0C18}.Debug|Any CPU.ActiveCfg = Debug|Any CPU
		{64F68C87-9AE0-4E1B-9AB9-4D50FB0E0C18}.Debug|Any CPU.Build.0 = Debug|Any CPU
		{64F68C87-9AE0-4E1B-9AB9-4D50FB0E0C18}.Debug|ARM.ActiveCfg = Debug|Any CPU
		{64F68C87-9AE0-4E1B-9AB9-4D50FB0E0C18}.Debug|ARM.Build.0 = Debug|Any CPU
		{64F68C87-9AE0-4E1B-9AB9-4D50FB0E0C18}.Debug|x64.ActiveCfg = Debug|Any CPU
		{64F68C87-9AE0-4E1B-9AB9-4D50FB0E0C18}.Debug|x64.Build.0 = Debug|Any CPU
		{64F68C87-9AE0-4E1B-9AB9-4D50FB0E0C18}.Debug|x86.ActiveCfg = Debug|Any CPU
		{64F68C87-9AE0-4E1B-9AB9-4D50FB0E0C18}.Debug|x86.Build.0 = Debug|Any CPU
		{64F68C87-9AE0-4E1B-9AB9-4D50FB0E0C18}.Release|Any CPU.ActiveCfg = Release|Any CPU
		{64F68C87-9AE0-4E1B-9AB9-4D50FB0E0C18}.Release|Any CPU.Build.0 = Release|Any CPU
		{64F68C87-9AE0-4E1B-9AB9-4D50FB0E0C18}.Release|ARM.ActiveCfg = Release|Any CPU
		{64F68C87-9AE0-4E1B-9AB9-4D50FB0E0C18}.Release|ARM.Build.0 = Release|Any CPU
		{64F68C87-9AE0-4E1B-9AB9-4D50FB0E0C18}.Release|x64.ActiveCfg = Release|Any CPU
		{64F68C87-9AE0-4E1B-9AB9-4D50FB0E0C18}.Release|x64.Build.0 = Release|Any CPU
		{64F68C87-9AE0-4E1B-9AB9-4D50FB0E0C18}.Release|x86.ActiveCfg = Release|Any CPU
		{64F68C87-9AE0-4E1B-9AB9-4D50FB0E0C18}.Release|x86.Build.0 = Release|Any CPU
		{54F00177-6913-4280-803D-A47FADD71E02}.Debug|Any CPU.ActiveCfg = Debug|Any CPU
		{54F00177-6913-4280-803D-A47FADD71E02}.Debug|Any CPU.Build.0 = Debug|Any CPU
		{54F00177-6913-4280-803D-A47FADD71E02}.Debug|ARM.ActiveCfg = Debug|Any CPU
		{54F00177-6913-4280-803D-A47FADD71E02}.Debug|ARM.Build.0 = Debug|Any CPU
		{54F00177-6913-4280-803D-A47FADD71E02}.Debug|x64.ActiveCfg = Debug|Any CPU
		{54F00177-6913-4280-803D-A47FADD71E02}.Debug|x64.Build.0 = Debug|Any CPU
		{54F00177-6913-4280-803D-A47FADD71E02}.Debug|x86.ActiveCfg = Debug|Any CPU
		{54F00177-6913-4280-803D-A47FADD71E02}.Debug|x86.Build.0 = Debug|Any CPU
		{54F00177-6913-4280-803D-A47FADD71E02}.Release|Any CPU.ActiveCfg = Release|Any CPU
		{54F00177-6913-4280-803D-A47FADD71E02}.Release|Any CPU.Build.0 = Release|Any CPU
		{54F00177-6913-4280-803D-A47FADD71E02}.Release|ARM.ActiveCfg = Release|Any CPU
		{54F00177-6913-4280-803D-A47FADD71E02}.Release|ARM.Build.0 = Release|Any CPU
		{54F00177-6913-4280-803D-A47FADD71E02}.Release|x64.ActiveCfg = Release|Any CPU
		{54F00177-6913-4280-803D-A47FADD71E02}.Release|x64.Build.0 = Release|Any CPU
		{54F00177-6913-4280-803D-A47FADD71E02}.Release|x86.ActiveCfg = Release|Any CPU
		{54F00177-6913-4280-803D-A47FADD71E02}.Release|x86.Build.0 = Release|Any CPU
		{03B86CF1-9676-4A5B-9726-2310F60A692C}.Debug|Any CPU.ActiveCfg = Debug|Any CPU
		{03B86CF1-9676-4A5B-9726-2310F60A692C}.Debug|Any CPU.Build.0 = Debug|Any CPU
		{03B86CF1-9676-4A5B-9726-2310F60A692C}.Debug|ARM.ActiveCfg = Debug|Any CPU
		{03B86CF1-9676-4A5B-9726-2310F60A692C}.Debug|ARM.Build.0 = Debug|Any CPU
		{03B86CF1-9676-4A5B-9726-2310F60A692C}.Debug|x64.ActiveCfg = Debug|Any CPU
		{03B86CF1-9676-4A5B-9726-2310F60A692C}.Debug|x64.Build.0 = Debug|Any CPU
		{03B86CF1-9676-4A5B-9726-2310F60A692C}.Debug|x86.ActiveCfg = Debug|Any CPU
		{03B86CF1-9676-4A5B-9726-2310F60A692C}.Debug|x86.Build.0 = Debug|Any CPU
		{03B86CF1-9676-4A5B-9726-2310F60A692C}.Release|Any CPU.ActiveCfg = Release|Any CPU
		{03B86CF1-9676-4A5B-9726-2310F60A692C}.Release|Any CPU.Build.0 = Release|Any CPU
		{03B86CF1-9676-4A5B-9726-2310F60A692C}.Release|ARM.ActiveCfg = Release|Any CPU
		{03B86CF1-9676-4A5B-9726-2310F60A692C}.Release|ARM.Build.0 = Release|Any CPU
		{03B86CF1-9676-4A5B-9726-2310F60A692C}.Release|x64.ActiveCfg = Release|Any CPU
		{03B86CF1-9676-4A5B-9726-2310F60A692C}.Release|x64.Build.0 = Release|Any CPU
		{03B86CF1-9676-4A5B-9726-2310F60A692C}.Release|x86.ActiveCfg = Release|Any CPU
		{03B86CF1-9676-4A5B-9726-2310F60A692C}.Release|x86.Build.0 = Release|Any CPU
		{5639D7C2-57CC-40C7-878A-C1DE25E0D56E}.Debug|Any CPU.ActiveCfg = Debug|Any CPU
		{5639D7C2-57CC-40C7-878A-C1DE25E0D56E}.Debug|Any CPU.Build.0 = Debug|Any CPU
		{5639D7C2-57CC-40C7-878A-C1DE25E0D56E}.Debug|ARM.ActiveCfg = Debug|Any CPU
		{5639D7C2-57CC-40C7-878A-C1DE25E0D56E}.Debug|ARM.Build.0 = Debug|Any CPU
		{5639D7C2-57CC-40C7-878A-C1DE25E0D56E}.Debug|x64.ActiveCfg = Debug|Any CPU
		{5639D7C2-57CC-40C7-878A-C1DE25E0D56E}.Debug|x64.Build.0 = Debug|Any CPU
		{5639D7C2-57CC-40C7-878A-C1DE25E0D56E}.Debug|x86.ActiveCfg = Debug|Any CPU
		{5639D7C2-57CC-40C7-878A-C1DE25E0D56E}.Debug|x86.Build.0 = Debug|Any CPU
		{5639D7C2-57CC-40C7-878A-C1DE25E0D56E}.Release|Any CPU.ActiveCfg = Release|Any CPU
		{5639D7C2-57CC-40C7-878A-C1DE25E0D56E}.Release|Any CPU.Build.0 = Release|Any CPU
		{5639D7C2-57CC-40C7-878A-C1DE25E0D56E}.Release|ARM.ActiveCfg = Release|Any CPU
		{5639D7C2-57CC-40C7-878A-C1DE25E0D56E}.Release|ARM.Build.0 = Release|Any CPU
		{5639D7C2-57CC-40C7-878A-C1DE25E0D56E}.Release|x64.ActiveCfg = Release|Any CPU
		{5639D7C2-57CC-40C7-878A-C1DE25E0D56E}.Release|x64.Build.0 = Release|Any CPU
		{5639D7C2-57CC-40C7-878A-C1DE25E0D56E}.Release|x86.ActiveCfg = Release|Any CPU
		{5639D7C2-57CC-40C7-878A-C1DE25E0D56E}.Release|x86.Build.0 = Release|Any CPU
		{D1AD79F6-D802-4C69-BD27-2B050FC3D344}.Debug|Any CPU.ActiveCfg = Debug|Any CPU
		{D1AD79F6-D802-4C69-BD27-2B050FC3D344}.Debug|Any CPU.Build.0 = Debug|Any CPU
		{D1AD79F6-D802-4C69-BD27-2B050FC3D344}.Debug|ARM.ActiveCfg = Debug|Any CPU
		{D1AD79F6-D802-4C69-BD27-2B050FC3D344}.Debug|ARM.Build.0 = Debug|Any CPU
		{D1AD79F6-D802-4C69-BD27-2B050FC3D344}.Debug|x64.ActiveCfg = Debug|Any CPU
		{D1AD79F6-D802-4C69-BD27-2B050FC3D344}.Debug|x64.Build.0 = Debug|Any CPU
		{D1AD79F6-D802-4C69-BD27-2B050FC3D344}.Debug|x86.ActiveCfg = Debug|Any CPU
		{D1AD79F6-D802-4C69-BD27-2B050FC3D344}.Debug|x86.Build.0 = Debug|Any CPU
		{D1AD79F6-D802-4C69-BD27-2B050FC3D344}.Release|Any CPU.ActiveCfg = Release|Any CPU
		{D1AD79F6-D802-4C69-BD27-2B050FC3D344}.Release|Any CPU.Build.0 = Release|Any CPU
		{D1AD79F6-D802-4C69-BD27-2B050FC3D344}.Release|ARM.ActiveCfg = Release|Any CPU
		{D1AD79F6-D802-4C69-BD27-2B050FC3D344}.Release|ARM.Build.0 = Release|Any CPU
		{D1AD79F6-D802-4C69-BD27-2B050FC3D344}.Release|x64.ActiveCfg = Release|Any CPU
		{D1AD79F6-D802-4C69-BD27-2B050FC3D344}.Release|x64.Build.0 = Release|Any CPU
		{D1AD79F6-D802-4C69-BD27-2B050FC3D344}.Release|x86.ActiveCfg = Release|Any CPU
		{D1AD79F6-D802-4C69-BD27-2B050FC3D344}.Release|x86.Build.0 = Release|Any CPU
		{542B5227-3FDB-4A4D-800C-AED54778BBE1}.Debug|Any CPU.ActiveCfg = Debug|Any CPU
		{542B5227-3FDB-4A4D-800C-AED54778BBE1}.Debug|Any CPU.Build.0 = Debug|Any CPU
		{542B5227-3FDB-4A4D-800C-AED54778BBE1}.Debug|ARM.ActiveCfg = Debug|Any CPU
		{542B5227-3FDB-4A4D-800C-AED54778BBE1}.Debug|ARM.Build.0 = Debug|Any CPU
		{542B5227-3FDB-4A4D-800C-AED54778BBE1}.Debug|x64.ActiveCfg = Debug|Any CPU
		{542B5227-3FDB-4A4D-800C-AED54778BBE1}.Debug|x64.Build.0 = Debug|Any CPU
		{542B5227-3FDB-4A4D-800C-AED54778BBE1}.Debug|x86.ActiveCfg = Debug|Any CPU
		{542B5227-3FDB-4A4D-800C-AED54778BBE1}.Debug|x86.Build.0 = Debug|Any CPU
		{542B5227-3FDB-4A4D-800C-AED54778BBE1}.Release|Any CPU.ActiveCfg = Release|Any CPU
		{542B5227-3FDB-4A4D-800C-AED54778BBE1}.Release|Any CPU.Build.0 = Release|Any CPU
		{542B5227-3FDB-4A4D-800C-AED54778BBE1}.Release|ARM.ActiveCfg = Release|Any CPU
		{542B5227-3FDB-4A4D-800C-AED54778BBE1}.Release|ARM.Build.0 = Release|Any CPU
		{542B5227-3FDB-4A4D-800C-AED54778BBE1}.Release|x64.ActiveCfg = Release|Any CPU
		{542B5227-3FDB-4A4D-800C-AED54778BBE1}.Release|x64.Build.0 = Release|Any CPU
		{542B5227-3FDB-4A4D-800C-AED54778BBE1}.Release|x86.ActiveCfg = Release|Any CPU
		{542B5227-3FDB-4A4D-800C-AED54778BBE1}.Release|x86.Build.0 = Release|Any CPU
		{15C7B7E2-3259-4762-AD4A-F131F26F9F86}.Debug|Any CPU.ActiveCfg = Debug|Any CPU
		{15C7B7E2-3259-4762-AD4A-F131F26F9F86}.Debug|Any CPU.Build.0 = Debug|Any CPU
		{15C7B7E2-3259-4762-AD4A-F131F26F9F86}.Debug|ARM.ActiveCfg = Debug|Any CPU
		{15C7B7E2-3259-4762-AD4A-F131F26F9F86}.Debug|ARM.Build.0 = Debug|Any CPU
		{15C7B7E2-3259-4762-AD4A-F131F26F9F86}.Debug|x64.ActiveCfg = Debug|Any CPU
		{15C7B7E2-3259-4762-AD4A-F131F26F9F86}.Debug|x64.Build.0 = Debug|Any CPU
		{15C7B7E2-3259-4762-AD4A-F131F26F9F86}.Debug|x86.ActiveCfg = Debug|Any CPU
		{15C7B7E2-3259-4762-AD4A-F131F26F9F86}.Debug|x86.Build.0 = Debug|Any CPU
		{15C7B7E2-3259-4762-AD4A-F131F26F9F86}.Release|Any CPU.ActiveCfg = Release|Any CPU
		{15C7B7E2-3259-4762-AD4A-F131F26F9F86}.Release|Any CPU.Build.0 = Release|Any CPU
		{15C7B7E2-3259-4762-AD4A-F131F26F9F86}.Release|ARM.ActiveCfg = Release|Any CPU
		{15C7B7E2-3259-4762-AD4A-F131F26F9F86}.Release|ARM.Build.0 = Release|Any CPU
		{15C7B7E2-3259-4762-AD4A-F131F26F9F86}.Release|x64.ActiveCfg = Release|Any CPU
		{15C7B7E2-3259-4762-AD4A-F131F26F9F86}.Release|x64.Build.0 = Release|Any CPU
		{15C7B7E2-3259-4762-AD4A-F131F26F9F86}.Release|x86.ActiveCfg = Release|Any CPU
		{15C7B7E2-3259-4762-AD4A-F131F26F9F86}.Release|x86.Build.0 = Release|Any CPU
		{FF4F6790-E341-44BE-B4F3-64D5BEB56F5F}.Debug|Any CPU.ActiveCfg = Debug|Any CPU
		{FF4F6790-E341-44BE-B4F3-64D5BEB56F5F}.Debug|Any CPU.Build.0 = Debug|Any CPU
		{FF4F6790-E341-44BE-B4F3-64D5BEB56F5F}.Debug|ARM.ActiveCfg = Debug|Any CPU
		{FF4F6790-E341-44BE-B4F3-64D5BEB56F5F}.Debug|ARM.Build.0 = Debug|Any CPU
		{FF4F6790-E341-44BE-B4F3-64D5BEB56F5F}.Debug|x64.ActiveCfg = Debug|Any CPU
		{FF4F6790-E341-44BE-B4F3-64D5BEB56F5F}.Debug|x64.Build.0 = Debug|Any CPU
		{FF4F6790-E341-44BE-B4F3-64D5BEB56F5F}.Debug|x86.ActiveCfg = Debug|Any CPU
		{FF4F6790-E341-44BE-B4F3-64D5BEB56F5F}.Debug|x86.Build.0 = Debug|Any CPU
		{FF4F6790-E341-44BE-B4F3-64D5BEB56F5F}.Release|Any CPU.ActiveCfg = Release|Any CPU
		{FF4F6790-E341-44BE-B4F3-64D5BEB56F5F}.Release|Any CPU.Build.0 = Release|Any CPU
		{FF4F6790-E341-44BE-B4F3-64D5BEB56F5F}.Release|ARM.ActiveCfg = Release|Any CPU
		{FF4F6790-E341-44BE-B4F3-64D5BEB56F5F}.Release|ARM.Build.0 = Release|Any CPU
		{FF4F6790-E341-44BE-B4F3-64D5BEB56F5F}.Release|x64.ActiveCfg = Release|Any CPU
		{FF4F6790-E341-44BE-B4F3-64D5BEB56F5F}.Release|x64.Build.0 = Release|Any CPU
		{FF4F6790-E341-44BE-B4F3-64D5BEB56F5F}.Release|x86.ActiveCfg = Release|Any CPU
		{FF4F6790-E341-44BE-B4F3-64D5BEB56F5F}.Release|x86.Build.0 = Release|Any CPU
		{5173919D-DDE3-4DD7-A9E2-E120E88760A8}.Debug|Any CPU.ActiveCfg = Debug|Any CPU
		{5173919D-DDE3-4DD7-A9E2-E120E88760A8}.Debug|Any CPU.Build.0 = Debug|Any CPU
		{5173919D-DDE3-4DD7-A9E2-E120E88760A8}.Debug|ARM.ActiveCfg = Debug|Any CPU
		{5173919D-DDE3-4DD7-A9E2-E120E88760A8}.Debug|ARM.Build.0 = Debug|Any CPU
		{5173919D-DDE3-4DD7-A9E2-E120E88760A8}.Debug|x64.ActiveCfg = Debug|Any CPU
		{5173919D-DDE3-4DD7-A9E2-E120E88760A8}.Debug|x64.Build.0 = Debug|Any CPU
		{5173919D-DDE3-4DD7-A9E2-E120E88760A8}.Debug|x86.ActiveCfg = Debug|Any CPU
		{5173919D-DDE3-4DD7-A9E2-E120E88760A8}.Debug|x86.Build.0 = Debug|Any CPU
		{5173919D-DDE3-4DD7-A9E2-E120E88760A8}.Release|Any CPU.ActiveCfg = Release|Any CPU
		{5173919D-DDE3-4DD7-A9E2-E120E88760A8}.Release|Any CPU.Build.0 = Release|Any CPU
		{5173919D-DDE3-4DD7-A9E2-E120E88760A8}.Release|ARM.ActiveCfg = Release|Any CPU
		{5173919D-DDE3-4DD7-A9E2-E120E88760A8}.Release|ARM.Build.0 = Release|Any CPU
		{5173919D-DDE3-4DD7-A9E2-E120E88760A8}.Release|x64.ActiveCfg = Release|Any CPU
		{5173919D-DDE3-4DD7-A9E2-E120E88760A8}.Release|x64.Build.0 = Release|Any CPU
		{5173919D-DDE3-4DD7-A9E2-E120E88760A8}.Release|x86.ActiveCfg = Release|Any CPU
		{5173919D-DDE3-4DD7-A9E2-E120E88760A8}.Release|x86.Build.0 = Release|Any CPU
	EndGlobalSection
	GlobalSection(SolutionProperties) = preSolution
		HideSolutionNode = FALSE
	EndGlobalSection
	GlobalSection(NestedProjects) = preSolution
		{62D543F8-56EA-45C8-B4BD-CFB2579E0FFA} = {DDAAA840-0852-4367-8C12-2DAB3CB5F2A5}
		{4BD2F15D-51D8-43B6-867F-C6D02850FC93} = {DDAAA840-0852-4367-8C12-2DAB3CB5F2A5}
		{64F68C87-9AE0-4E1B-9AB9-4D50FB0E0C18} = {60736523-954D-4D50-90E4-3F5C3A26BB32}
		{54F00177-6913-4280-803D-A47FADD71E02} = {334075B7-1400-4D53-958C-41B15A1050B3}
		{03B86CF1-9676-4A5B-9726-2310F60A692C} = {E181DE12-062F-47A8-ADEE-1F7FBBDD0B34}
		{5639D7C2-57CC-40C7-878A-C1DE25E0D56E} = {60736523-954D-4D50-90E4-3F5C3A26BB32}
		{D1AD79F6-D802-4C69-BD27-2B050FC3D344} = {60736523-954D-4D50-90E4-3F5C3A26BB32}
		{542B5227-3FDB-4A4D-800C-AED54778BBE1} = {E181DE12-062F-47A8-ADEE-1F7FBBDD0B34}
		{15C7B7E2-3259-4762-AD4A-F131F26F9F86} = {DDAAA840-0852-4367-8C12-2DAB3CB5F2A5}
		{FF4F6790-E341-44BE-B4F3-64D5BEB56F5F} = {E181DE12-062F-47A8-ADEE-1F7FBBDD0B34}
		{5173919D-DDE3-4DD7-A9E2-E120E88760A8} = {60736523-954D-4D50-90E4-3F5C3A26BB32}
	EndGlobalSection
	GlobalSection(ExtensibilityGlobals) = postSolution
		SolutionGuid = {7654D873-1E74-484C-BFFF-816C669BC54D}
	EndGlobalSection
EndGlobal
